// !$*UTF8*$!
{
	archiveVersion = 1;
	classes = {
	};
	objectVersion = 46;
	objects = {

/* Begin PBXBuildFile section */
		636A940B1989A1E900B60461 /* Constants.m in Sources */ = {isa = PBXBuildFile; fileRef = 636A940A1989A1E900B60461 /* Constants.m */; };
		636A9411198AD8BD00B60461 /* AbstractActionSheetPicker.m in Sources */ = {isa = PBXBuildFile; fileRef = 636A9410198AD8BD00B60461 /* AbstractActionSheetPicker.m */; };
		636A942D198C4E4C00B60461 /* ActionSheetStringPicker.m in Sources */ = {isa = PBXBuildFile; fileRef = 636A942C198C4E4C00B60461 /* ActionSheetStringPicker.m */; };
		639407221986CA4D00552FFB /* Foundation.framework in Frameworks */ = {isa = PBXBuildFile; fileRef = 639407211986CA4D00552FFB /* Foundation.framework */; };
		639407241986CA4D00552FFB /* CoreGraphics.framework in Frameworks */ = {isa = PBXBuildFile; fileRef = 639407231986CA4D00552FFB /* CoreGraphics.framework */; };
		639407261986CA4D00552FFB /* UIKit.framework in Frameworks */ = {isa = PBXBuildFile; fileRef = 639407251986CA4D00552FFB /* UIKit.framework */; };
		6394072C1986CA4D00552FFB /* InfoPlist.strings in Resources */ = {isa = PBXBuildFile; fileRef = 6394072A1986CA4D00552FFB /* InfoPlist.strings */; };
		6394072E1986CA4D00552FFB /* main.m in Sources */ = {isa = PBXBuildFile; fileRef = 6394072D1986CA4D00552FFB /* main.m */; };
		639407321986CA4D00552FFB /* AppDelegate.m in Sources */ = {isa = PBXBuildFile; fileRef = 639407311986CA4D00552FFB /* AppDelegate.m */; };
		639407351986CA4D00552FFB /* Main.storyboard in Resources */ = {isa = PBXBuildFile; fileRef = 639407331986CA4D00552FFB /* Main.storyboard */; };
		639407381986CA4D00552FFB /* ViewController.m in Sources */ = {isa = PBXBuildFile; fileRef = 639407371986CA4D00552FFB /* ViewController.m */; };
		6394073A1986CA4D00552FFB /* Images.xcassets in Resources */ = {isa = PBXBuildFile; fileRef = 639407391986CA4D00552FFB /* Images.xcassets */; };
		639407411986CA4D00552FFB /* XCTest.framework in Frameworks */ = {isa = PBXBuildFile; fileRef = 639407401986CA4D00552FFB /* XCTest.framework */; };
		639407421986CA4D00552FFB /* Foundation.framework in Frameworks */ = {isa = PBXBuildFile; fileRef = 639407211986CA4D00552FFB /* Foundation.framework */; };
		639407431986CA4D00552FFB /* UIKit.framework in Frameworks */ = {isa = PBXBuildFile; fileRef = 639407251986CA4D00552FFB /* UIKit.framework */; };
		6394074B1986CA4D00552FFB /* InfoPlist.strings in Resources */ = {isa = PBXBuildFile; fileRef = 639407491986CA4D00552FFB /* InfoPlist.strings */; };
		6394074D1986CA4D00552FFB /* OatsTests.m in Sources */ = {isa = PBXBuildFile; fileRef = 6394074C1986CA4D00552FFB /* OatsTests.m */; };
		639407581986D2C300552FFB /* UIColor+HexString.m in Sources */ = {isa = PBXBuildFile; fileRef = 639407571986D2C300552FFB /* UIColor+HexString.m */; };
		6394075B1986ED6700552FFB /* FlatButton.m in Sources */ = {isa = PBXBuildFile; fileRef = 6394075A1986ED6700552FFB /* FlatButton.m */; };
		6394075E1986FDD300552FFB /* SignInViewController.m in Sources */ = {isa = PBXBuildFile; fileRef = 6394075D1986FDD300552FFB /* SignInViewController.m */; };
/* End PBXBuildFile section */

/* Begin PBXContainerItemProxy section */
		639407441986CA4D00552FFB /* PBXContainerItemProxy */ = {
			isa = PBXContainerItemProxy;
			containerPortal = 639407161986CA4D00552FFB /* Project object */;
			proxyType = 1;
			remoteGlobalIDString = 6394071D1986CA4D00552FFB;
			remoteInfo = Oats;
		};
/* End PBXContainerItemProxy section */

/* Begin PBXFileReference section */
		636A94091989A1D200B60461 /* Constants.h */ = {isa = PBXFileReference; fileEncoding = 4; lastKnownFileType = sourcecode.c.h; path = Constants.h; sourceTree = "<group>"; };
		636A940A1989A1E900B60461 /* Constants.m */ = {isa = PBXFileReference; fileEncoding = 4; lastKnownFileType = sourcecode.c.objc; path = Constants.m; sourceTree = "<group>"; };
		636A940F198AD8BD00B60461 /* AbstractActionSheetPicker.h */ = {isa = PBXFileReference; fileEncoding = 4; lastKnownFileType = sourcecode.c.h; path = AbstractActionSheetPicker.h; sourceTree = "<group>"; };
		636A9410198AD8BD00B60461 /* AbstractActionSheetPicker.m */ = {isa = PBXFileReference; fileEncoding = 4; lastKnownFileType = sourcecode.c.objc; path = AbstractActionSheetPicker.m; sourceTree = "<group>"; };
		636A942B198C4E4C00B60461 /* ActionSheetStringPicker.h */ = {isa = PBXFileReference; fileEncoding = 4; lastKnownFileType = sourcecode.c.h; name = ActionSheetStringPicker.h; path = ../ActionSheetStringPicker.h; sourceTree = "<group>"; };
		636A942C198C4E4C00B60461 /* ActionSheetStringPicker.m */ = {isa = PBXFileReference; fileEncoding = 4; lastKnownFileType = sourcecode.c.objc; name = ActionSheetStringPicker.m; path = ../ActionSheetStringPicker.m; sourceTree = "<group>"; };
		6394071E1986CA4D00552FFB /* Oats.app */ = {isa = PBXFileReference; explicitFileType = wrapper.application; includeInIndex = 0; path = Oats.app; sourceTree = BUILT_PRODUCTS_DIR; };
		639407211986CA4D00552FFB /* Foundation.framework */ = {isa = PBXFileReference; lastKnownFileType = wrapper.framework; name = Foundation.framework; path = System/Library/Frameworks/Foundation.framework; sourceTree = SDKROOT; };
		639407231986CA4D00552FFB /* CoreGraphics.framework */ = {isa = PBXFileReference; lastKnownFileType = wrapper.framework; name = CoreGraphics.framework; path = System/Library/Frameworks/CoreGraphics.framework; sourceTree = SDKROOT; };
		639407251986CA4D00552FFB /* UIKit.framework */ = {isa = PBXFileReference; lastKnownFileType = wrapper.framework; name = UIKit.framework; path = System/Library/Frameworks/UIKit.framework; sourceTree = SDKROOT; };
		639407291986CA4D00552FFB /* Oats-Info.plist */ = {isa = PBXFileReference; lastKnownFileType = text.plist.xml; path = "Oats-Info.plist"; sourceTree = "<group>"; };
		6394072B1986CA4D00552FFB /* en */ = {isa = PBXFileReference; lastKnownFileType = text.plist.strings; name = en; path = en.lproj/InfoPlist.strings; sourceTree = "<group>"; };
		6394072D1986CA4D00552FFB /* main.m */ = {isa = PBXFileReference; lastKnownFileType = sourcecode.c.objc; path = main.m; sourceTree = "<group>"; };
		6394072F1986CA4D00552FFB /* Oats-Prefix.pch */ = {isa = PBXFileReference; lastKnownFileType = sourcecode.c.h; path = "Oats-Prefix.pch"; sourceTree = "<group>"; };
		639407301986CA4D00552FFB /* AppDelegate.h */ = {isa = PBXFileReference; lastKnownFileType = sourcecode.c.h; path = AppDelegate.h; sourceTree = "<group>"; };
		639407311986CA4D00552FFB /* AppDelegate.m */ = {isa = PBXFileReference; lastKnownFileType = sourcecode.c.objc; path = AppDelegate.m; sourceTree = "<group>"; };
		639407341986CA4D00552FFB /* Base */ = {isa = PBXFileReference; lastKnownFileType = file.storyboard; name = Base; path = Base.lproj/Main.storyboard; sourceTree = "<group>"; };
		639407361986CA4D00552FFB /* ViewController.h */ = {isa = PBXFileReference; lastKnownFileType = sourcecode.c.h; path = ViewController.h; sourceTree = "<group>"; };
		639407371986CA4D00552FFB /* ViewController.m */ = {isa = PBXFileReference; lastKnownFileType = sourcecode.c.objc; path = ViewController.m; sourceTree = "<group>"; };
		639407391986CA4D00552FFB /* Images.xcassets */ = {isa = PBXFileReference; lastKnownFileType = folder.assetcatalog; path = Images.xcassets; sourceTree = "<group>"; };
		6394073F1986CA4D00552FFB /* OatsTests.xctest */ = {isa = PBXFileReference; explicitFileType = wrapper.cfbundle; includeInIndex = 0; path = OatsTests.xctest; sourceTree = BUILT_PRODUCTS_DIR; };
		639407401986CA4D00552FFB /* XCTest.framework */ = {isa = PBXFileReference; lastKnownFileType = wrapper.framework; name = XCTest.framework; path = Library/Frameworks/XCTest.framework; sourceTree = DEVELOPER_DIR; };
		639407481986CA4D00552FFB /* OatsTests-Info.plist */ = {isa = PBXFileReference; lastKnownFileType = text.plist.xml; path = "OatsTests-Info.plist"; sourceTree = "<group>"; };
		6394074A1986CA4D00552FFB /* en */ = {isa = PBXFileReference; lastKnownFileType = text.plist.strings; name = en; path = en.lproj/InfoPlist.strings; sourceTree = "<group>"; };
		6394074C1986CA4D00552FFB /* OatsTests.m */ = {isa = PBXFileReference; lastKnownFileType = sourcecode.c.objc; path = OatsTests.m; sourceTree = "<group>"; };
		639407561986D2C300552FFB /* UIColor+HexString.h */ = {isa = PBXFileReference; fileEncoding = 4; lastKnownFileType = sourcecode.c.h; path = "UIColor+HexString.h"; sourceTree = "<group>"; };
		639407571986D2C300552FFB /* UIColor+HexString.m */ = {isa = PBXFileReference; fileEncoding = 4; lastKnownFileType = sourcecode.c.objc; path = "UIColor+HexString.m"; sourceTree = "<group>"; };
		639407591986ED6700552FFB /* FlatButton.h */ = {isa = PBXFileReference; fileEncoding = 4; lastKnownFileType = sourcecode.c.h; name = FlatButton.h; path = ../FlatButton.h; sourceTree = "<group>"; };
		6394075A1986ED6700552FFB /* FlatButton.m */ = {isa = PBXFileReference; fileEncoding = 4; lastKnownFileType = sourcecode.c.objc; name = FlatButton.m; path = ../FlatButton.m; sourceTree = "<group>"; };
		6394075C1986FDD300552FFB /* SignInViewController.h */ = {isa = PBXFileReference; fileEncoding = 4; lastKnownFileType = sourcecode.c.h; path = SignInViewController.h; sourceTree = "<group>"; };
		6394075D1986FDD300552FFB /* SignInViewController.m */ = {isa = PBXFileReference; fileEncoding = 4; lastKnownFileType = sourcecode.c.objc; path = SignInViewController.m; sourceTree = "<group>"; };
/* End PBXFileReference section */

/* Begin PBXFrameworksBuildPhase section */
		6394071B1986CA4D00552FFB /* Frameworks */ = {
			isa = PBXFrameworksBuildPhase;
			buildActionMask = 2147483647;
			files = (
				639407241986CA4D00552FFB /* CoreGraphics.framework in Frameworks */,
				639407261986CA4D00552FFB /* UIKit.framework in Frameworks */,
				639407221986CA4D00552FFB /* Foundation.framework in Frameworks */,
			);
			runOnlyForDeploymentPostprocessing = 0;
		};
		6394073C1986CA4D00552FFB /* Frameworks */ = {
			isa = PBXFrameworksBuildPhase;
			buildActionMask = 2147483647;
			files = (
				639407411986CA4D00552FFB /* XCTest.framework in Frameworks */,
				639407431986CA4D00552FFB /* UIKit.framework in Frameworks */,
				639407421986CA4D00552FFB /* Foundation.framework in Frameworks */,
			);
			runOnlyForDeploymentPostprocessing = 0;
		};
/* End PBXFrameworksBuildPhase section */

/* Begin PBXGroup section */
		639407151986CA4D00552FFB = {
			isa = PBXGroup;
			children = (
				639407271986CA4D00552FFB /* Oats */,
				639407461986CA4D00552FFB /* OatsTests */,
				639407201986CA4D00552FFB /* Frameworks */,
				6394071F1986CA4D00552FFB /* Products */,
			);
			sourceTree = "<group>";
		};
		6394071F1986CA4D00552FFB /* Products */ = {
			isa = PBXGroup;
			children = (
				6394071E1986CA4D00552FFB /* Oats.app */,
				6394073F1986CA4D00552FFB /* OatsTests.xctest */,
			);
			name = Products;
			sourceTree = "<group>";
		};
		639407201986CA4D00552FFB /* Frameworks */ = {
			isa = PBXGroup;
			children = (
				639407211986CA4D00552FFB /* Foundation.framework */,
				639407231986CA4D00552FFB /* CoreGraphics.framework */,
				639407251986CA4D00552FFB /* UIKit.framework */,
				639407401986CA4D00552FFB /* XCTest.framework */,
			);
			name = Frameworks;
			sourceTree = "<group>";
		};
		639407271986CA4D00552FFB /* Oats */ = {
			isa = PBXGroup;
			children = (
				639407301986CA4D00552FFB /* AppDelegate.h */,
				639407311986CA4D00552FFB /* AppDelegate.m */,
				639407331986CA4D00552FFB /* Main.storyboard */,
				639407361986CA4D00552FFB /* ViewController.h */,
				639407371986CA4D00552FFB /* ViewController.m */,
				6394075C1986FDD300552FFB /* SignInViewController.h */,
				6394075D1986FDD300552FFB /* SignInViewController.m */,
				639407391986CA4D00552FFB /* Images.xcassets */,
				639407281986CA4D00552FFB /* Supporting Files */,
			);
			path = Oats;
			sourceTree = "<group>";
		};
		639407281986CA4D00552FFB /* Supporting Files */ = {
			isa = PBXGroup;
			children = (
				636A940F198AD8BD00B60461 /* AbstractActionSheetPicker.h */,
				636A9410198AD8BD00B60461 /* AbstractActionSheetPicker.m */,
				636A942B198C4E4C00B60461 /* ActionSheetStringPicker.h */,
				636A942C198C4E4C00B60461 /* ActionSheetStringPicker.m */,
				636A94091989A1D200B60461 /* Constants.h */,
				636A940A1989A1E900B60461 /* Constants.m */,
				639407561986D2C300552FFB /* UIColor+HexString.h */,
				639407571986D2C300552FFB /* UIColor+HexString.m */,
				639407591986ED6700552FFB /* FlatButton.h */,
				6394075A1986ED6700552FFB /* FlatButton.m */,
				639407291986CA4D00552FFB /* Oats-Info.plist */,
				6394072A1986CA4D00552FFB /* InfoPlist.strings */,
				6394072D1986CA4D00552FFB /* main.m */,
				6394072F1986CA4D00552FFB /* Oats-Prefix.pch */,
			);
			name = "Supporting Files";
			sourceTree = "<group>";
		};
		639407461986CA4D00552FFB /* OatsTests */ = {
			isa = PBXGroup;
			children = (
				6394074C1986CA4D00552FFB /* OatsTests.m */,
				639407471986CA4D00552FFB /* Supporting Files */,
			);
			path = OatsTests;
			sourceTree = "<group>";
		};
		639407471986CA4D00552FFB /* Supporting Files */ = {
			isa = PBXGroup;
			children = (
				639407481986CA4D00552FFB /* OatsTests-Info.plist */,
				639407491986CA4D00552FFB /* InfoPlist.strings */,
			);
			name = "Supporting Files";
			sourceTree = "<group>";
		};
/* End PBXGroup section */

/* Begin PBXNativeTarget section */
		6394071D1986CA4D00552FFB /* Oats */ = {
			isa = PBXNativeTarget;
			buildConfigurationList = 639407501986CA4D00552FFB /* Build configuration list for PBXNativeTarget "Oats" */;
			buildPhases = (
				6394071A1986CA4D00552FFB /* Sources */,
				6394071B1986CA4D00552FFB /* Frameworks */,
				6394071C1986CA4D00552FFB /* Resources */,
			);
			buildRules = (
			);
			dependencies = (
			);
			name = Oats;
			productName = Oats;
			productReference = 6394071E1986CA4D00552FFB /* Oats.app */;
			productType = "com.apple.product-type.application";
		};
		6394073E1986CA4D00552FFB /* OatsTests */ = {
			isa = PBXNativeTarget;
			buildConfigurationList = 639407531986CA4D00552FFB /* Build configuration list for PBXNativeTarget "OatsTests" */;
			buildPhases = (
				6394073B1986CA4D00552FFB /* Sources */,
				6394073C1986CA4D00552FFB /* Frameworks */,
				6394073D1986CA4D00552FFB /* Resources */,
			);
			buildRules = (
			);
			dependencies = (
				639407451986CA4D00552FFB /* PBXTargetDependency */,
			);
			name = OatsTests;
			productName = OatsTests;
			productReference = 6394073F1986CA4D00552FFB /* OatsTests.xctest */;
			productType = "com.apple.product-type.bundle.unit-test";
		};
/* End PBXNativeTarget section */

/* Begin PBXProject section */
		639407161986CA4D00552FFB /* Project object */ = {
			isa = PBXProject;
			attributes = {
				LastUpgradeCheck = 0510;
				ORGANIZATIONNAME = "Chad Nachiappan";
				TargetAttributes = {
					6394073E1986CA4D00552FFB = {
						TestTargetID = 6394071D1986CA4D00552FFB;
					};
				};
			};
			buildConfigurationList = 639407191986CA4D00552FFB /* Build configuration list for PBXProject "Oats" */;
			compatibilityVersion = "Xcode 3.2";
			developmentRegion = English;
			hasScannedForEncodings = 0;
			knownRegions = (
				en,
				Base,
			);
			mainGroup = 639407151986CA4D00552FFB;
			productRefGroup = 6394071F1986CA4D00552FFB /* Products */;
			projectDirPath = "";
			projectRoot = "";
			targets = (
				6394071D1986CA4D00552FFB /* Oats */,
				6394073E1986CA4D00552FFB /* OatsTests */,
			);
		};
/* End PBXProject section */

/* Begin PBXResourcesBuildPhase section */
		6394071C1986CA4D00552FFB /* Resources */ = {
			isa = PBXResourcesBuildPhase;
			buildActionMask = 2147483647;
			files = (
				6394073A1986CA4D00552FFB /* Images.xcassets in Resources */,
				6394072C1986CA4D00552FFB /* InfoPlist.strings in Resources */,
				639407351986CA4D00552FFB /* Main.storyboard in Resources */,
			);
			runOnlyForDeploymentPostprocessing = 0;
		};
		6394073D1986CA4D00552FFB /* Resources */ = {
			isa = PBXResourcesBuildPhase;
			buildActionMask = 2147483647;
			files = (
				6394074B1986CA4D00552FFB /* InfoPlist.strings in Resources */,
			);
			runOnlyForDeploymentPostprocessing = 0;
		};
/* End PBXResourcesBuildPhase section */

/* Begin PBXSourcesBuildPhase section */
		6394071A1986CA4D00552FFB /* Sources */ = {
			isa = PBXSourcesBuildPhase;
			buildActionMask = 2147483647;
			files = (
				636A9411198AD8BD00B60461 /* AbstractActionSheetPicker.m in Sources */,
				639407381986CA4D00552FFB /* ViewController.m in Sources */,
				639407321986CA4D00552FFB /* AppDelegate.m in Sources */,
				639407581986D2C300552FFB /* UIColor+HexString.m in Sources */,
				6394072E1986CA4D00552FFB /* main.m in Sources */,
				6394075E1986FDD300552FFB /* SignInViewController.m in Sources */,
				636A942D198C4E4C00B60461 /* ActionSheetStringPicker.m in Sources */,
				636A940B1989A1E900B60461 /* Constants.m in Sources */,
				6394075B1986ED6700552FFB /* FlatButton.m in Sources */,
			);
			runOnlyForDeploymentPostprocessing = 0;
		};
		6394073B1986CA4D00552FFB /* Sources */ = {
			isa = PBXSourcesBuildPhase;
			buildActionMask = 2147483647;
			files = (
				6394074D1986CA4D00552FFB /* OatsTests.m in Sources */,
			);
			runOnlyForDeploymentPostprocessing = 0;
		};
/* End PBXSourcesBuildPhase section */

/* Begin PBXTargetDependency section */
		639407451986CA4D00552FFB /* PBXTargetDependency */ = {
			isa = PBXTargetDependency;
			target = 6394071D1986CA4D00552FFB /* Oats */;
			targetProxy = 639407441986CA4D00552FFB /* PBXContainerItemProxy */;
		};
/* End PBXTargetDependency section */

/* Begin PBXVariantGroup section */
		6394072A1986CA4D00552FFB /* InfoPlist.strings */ = {
			isa = PBXVariantGroup;
			children = (
				6394072B1986CA4D00552FFB /* en */,
			);
			name = InfoPlist.strings;
			sourceTree = "<group>";
		};
		639407331986CA4D00552FFB /* Main.storyboard */ = {
			isa = PBXVariantGroup;
			children = (
				639407341986CA4D00552FFB /* Base */,
			);
			name = Main.storyboard;
			sourceTree = "<group>";
		};
		639407491986CA4D00552FFB /* InfoPlist.strings */ = {
			isa = PBXVariantGroup;
			children = (
				6394074A1986CA4D00552FFB /* en */,
			);
			name = InfoPlist.strings;
			sourceTree = "<group>";
		};
/* End PBXVariantGroup section */

/* Begin XCBuildConfiguration section */
		6394074E1986CA4D00552FFB /* Debug */ = {
			isa = XCBuildConfiguration;
			buildSettings = {
				ALWAYS_SEARCH_USER_PATHS = NO;
				CLANG_CXX_LANGUAGE_STANDARD = "gnu++0x";
				CLANG_CXX_LIBRARY = "libc++";
				CLANG_ENABLE_MODULES = YES;
				CLANG_ENABLE_OBJC_ARC = YES;
				CLANG_WARN_BOOL_CONVERSION = YES;
				CLANG_WARN_CONSTANT_CONVERSION = YES;
				CLANG_WARN_DIRECT_OBJC_ISA_USAGE = YES_ERROR;
				CLANG_WARN_EMPTY_BODY = YES;
				CLANG_WARN_ENUM_CONVERSION = YES;
				CLANG_WARN_INT_CONVERSION = YES;
				CLANG_WARN_OBJC_ROOT_CLASS = YES_ERROR;
				CLANG_WARN__DUPLICATE_METHOD_MATCH = YES;
				"CODE_SIGN_IDENTITY[sdk=iphoneos*]" = "iPhone Developer";
				COPY_PHASE_STRIP = NO;
				GCC_C_LANGUAGE_STANDARD = gnu99;
				GCC_DYNAMIC_NO_PIC = NO;
				GCC_OPTIMIZATION_LEVEL = 0;
				GCC_PREPROCESSOR_DEFINITIONS = (
					"DEBUG=1",
					"$(inherited)",
				);
				GCC_SYMBOLS_PRIVATE_EXTERN = NO;
				GCC_WARN_64_TO_32_BIT_CONVERSION = YES;
				GCC_WARN_ABOUT_RETURN_TYPE = YES_ERROR;
				GCC_WARN_UNDECLARED_SELECTOR = YES;
				GCC_WARN_UNINITIALIZED_AUTOS = YES_AGGRESSIVE;
				GCC_WARN_UNUSED_FUNCTION = YES;
				GCC_WARN_UNUSED_VARIABLE = YES;
				IPHONEOS_DEPLOYMENT_TARGET = 7.1;
				ONLY_ACTIVE_ARCH = YES;
				SDKROOT = iphoneos;
			};
			name = Debug;
		};
		6394074F1986CA4D00552FFB /* Release */ = {
			isa = XCBuildConfiguration;
			buildSettings = {
				ALWAYS_SEARCH_USER_PATHS = NO;
				CLANG_CXX_LANGUAGE_STANDARD = "gnu++0x";
				CLANG_CXX_LIBRARY = "libc++";
				CLANG_ENABLE_MODULES = YES;
				CLANG_ENABLE_OBJC_ARC = YES;
				CLANG_WARN_BOOL_CONVERSION = YES;
				CLANG_WARN_CONSTANT_CONVERSION = YES;
				CLANG_WARN_DIRECT_OBJC_ISA_USAGE = YES_ERROR;
				CLANG_WARN_EMPTY_BODY = YES;
				CLANG_WARN_ENUM_CONVERSION = YES;
				CLANG_WARN_INT_CONVERSION = YES;
				CLANG_WARN_OBJC_ROOT_CLASS = YES_ERROR;
				CLANG_WARN__DUPLICATE_METHOD_MATCH = YES;
				"CODE_SIGN_IDENTITY[sdk=iphoneos*]" = "iPhone Developer";
				COPY_PHASE_STRIP = YES;
				ENABLE_NS_ASSERTIONS = NO;
				GCC_C_LANGUAGE_STANDARD = gnu99;
				GCC_WARN_64_TO_32_BIT_CONVERSION = YES;
				GCC_WARN_ABOUT_RETURN_TYPE = YES_ERROR;
				GCC_WARN_UNDECLARED_SELECTOR = YES;
				GCC_WARN_UNINITIALIZED_AUTOS = YES_AGGRESSIVE;
				GCC_WARN_UNUSED_FUNCTION = YES;
				GCC_WARN_UNUSED_VARIABLE = YES;
				IPHONEOS_DEPLOYMENT_TARGET = 7.1;
				SDKROOT = iphoneos;
				VALIDATE_PRODUCT = YES;
			};
			name = Release;
		};
		639407511986CA4D00552FFB /* Debug */ = {
			isa = XCBuildConfiguration;
			buildSettings = {
				ASSETCATALOG_COMPILER_APPICON_NAME = AppIcon;
				ASSETCATALOG_COMPILER_LAUNCHIMAGE_NAME = LaunchImage;
				GCC_PRECOMPILE_PREFIX_HEADER = YES;
				GCC_PREFIX_HEADER = "Oats/Oats-Prefix.pch";
				INFOPLIST_FILE = "Oats/Oats-Info.plist";
				PRODUCT_NAME = "$(TARGET_NAME)";
				WRAPPER_EXTENSION = app;
			};
			name = Debug;
		};
		639407521986CA4D00552FFB /* Release */ = {
			isa = XCBuildConfiguration;
			buildSettings = {
				ASSETCATALOG_COMPILER_APPICON_NAME = AppIcon;
				ASSETCATALOG_COMPILER_LAUNCHIMAGE_NAME = LaunchImage;
				GCC_PRECOMPILE_PREFIX_HEADER = YES;
				GCC_PREFIX_HEADER = "Oats/Oats-Prefix.pch";
				INFOPLIST_FILE = "Oats/Oats-Info.plist";
				PRODUCT_NAME = "$(TARGET_NAME)";
				WRAPPER_EXTENSION = app;
			};
			name = Release;
		};
		639407541986CA4D00552FFB /* Debug */ = {
			isa = XCBuildConfiguration;
			buildSettings = {
				BUNDLE_LOADER = "$(BUILT_PRODUCTS_DIR)/Oats.app/Oats";
				FRAMEWORK_SEARCH_PATHS = (
					"$(SDKROOT)/Developer/Library/Frameworks",
					"$(inherited)",
					"$(DEVELOPER_FRAMEWORKS_DIR)",
				);
				GCC_PRECOMPILE_PREFIX_HEADER = YES;
				GCC_PREFIX_HEADER = "Oats/Oats-Prefix.pch";
				GCC_PREPROCESSOR_DEFINITIONS = (
					"DEBUG=1",
					"$(inherited)",
				);
				INFOPLIST_FILE = "OatsTests/OatsTests-Info.plist";
				PRODUCT_NAME = "$(TARGET_NAME)";
				TEST_HOST = "$(BUNDLE_LOADER)";
				WRAPPER_EXTENSION = xctest;
			};
			name = Debug;
		};
		639407551986CA4D00552FFB /* Release */ = {
			isa = XCBuildConfiguration;
			buildSettings = {
				BUNDLE_LOADER = "$(BUILT_PRODUCTS_DIR)/Oats.app/Oats";
				FRAMEWORK_SEARCH_PATHS = (
					"$(SDKROOT)/Developer/Library/Frameworks",
					"$(inherited)",
					"$(DEVELOPER_FRAMEWORKS_DIR)",
				);
				GCC_PRECOMPILE_PREFIX_HEADER = YES;
				GCC_PREFIX_HEADER = "Oats/Oats-Prefix.pch";
				INFOPLIST_FILE = "OatsTests/OatsTests-Info.plist";
				PRODUCT_NAME = "$(TARGET_NAME)";
				TEST_HOST = "$(BUNDLE_LOADER)";
				WRAPPER_EXTENSION = xctest;
			};
			name = Release;
		};
/* End XCBuildConfiguration section */

/* Begin XCConfigurationList section */
		639407191986CA4D00552FFB /* Build configuration list for PBXProject "Oats" */ = {
			isa = XCConfigurationList;
			buildConfigurations = (
				6394074E1986CA4D00552FFB /* Debug */,
				6394074F1986CA4D00552FFB /* Release */,
			);
			defaultConfigurationIsVisible = 0;
			defaultConfigurationName = Release;
		};
		639407501986CA4D00552FFB /* Build configuration list for PBXNativeTarget "Oats" */ = {
			isa = XCConfigurationList;
			buildConfigurations = (
				639407511986CA4D00552FFB /* Debug */,
				639407521986CA4D00552FFB /* Release */,
			);
			defaultConfigurationIsVisible = 0;
			defaultConfigurationName = Release;
		};
		639407531986CA4D00552FFB /* Build configuration list for PBXNativeTarget "OatsTests" */ = {
			isa = XCConfigurationList;
			buildConfigurations = (
				639407541986CA4D00552FFB /* Debug */,
				639407551986CA4D00552FFB /* Release */,
			);
			defaultConfigurationIsVisible = 0;
			defaultConfigurationName = Release;
		};
/* End XCConfigurationList section */
	};
	rootObject = 639407161986CA4D00552FFB /* Project object */;
}
